lockfileVersion: '9.0'

settings:
  autoInstallPeers: true
  excludeLinksFromLockfile: false

overrides:
  terabox-node: 'link:'

importers:

  .:
    dependencies:
      '@inquirer/prompts':
        specifier: ^8.4.2
        version: 8.4.2
      cli-progress:
        specifier: ^3.12.0
        version: 3.12.0
      dateformat:
        specifier: ^5.0.3
        version: 5.0.3
      filesize:
        specifier: ^11.0.17
        version: 11.0.17
      qrcode-terminal:
        specifier: ^0.12.0
        version: 0.12.0
      terabox-api:
        specifier: ^2.9.2
        version: 2.9.2
      tough-cookie:
        specifier: ^6.0.1
        version: 6.0.1
      undici:
        specifier: ^8.1.0
        version: 8.1.0
      yaml:
        specifier: ^2.9.0
        version: 2.9.0
      yargs:
        specifier: ^18.0.0
        version: 18.0.0

packages:

  '@inquirer/ansi@2.0.5':
    resolution: {integrity: sha512-doc2sWgJpbFQ64UflSVd17ibMGDuxO1yKgOgLMwavzESnXjFWJqUeG8saYosqKpHp4kWiM5x1nXvEjbpx90gzw==}
    engines: {node: '>=23.5.0 || ^22.13.0 || ^21.7.0 || ^20.12.0'}

  '@inquirer/checkbox@5.1.4':
    resolution: {integrity: sha512-w6KF8ZYRvqHhROkOTHXYC3qIV/KYEu5o12oLqQySvch61vrYtRxNSHTONSdJqWiFJPlCUQAHT5OgOIyuTr+MHQ==}
    engines: {node: '>=23.5.0 || ^22.13.0 || ^21.7.0 || ^20.12.0'}
    peerDependencies:
      '@types/node': '>=18'
    peerDependenciesMeta:
      '@types/node':
        optional: true

  '@inquirer/confirm@6.0.12':
    resolution: {integrity: sha512-h9FgGun3QwVYNj5TWIZZ+slii73bMoBFjPfVIGtnFuL4t8gBiNDV9PcSfIzkuxvgquJKt9nr1QzszpBzTbH8Og==}
    engines: {node: '>=23.5.0 || ^22.13.0 || ^21.7.0 || ^20.12.0'}
    peerDependencies:
      '@types/node': '>=18'
    peerDependenciesMeta:
      '@types/node':
        optional: true

  '@inquirer/core@11.1.9':
    resolution: {integrity: sha512-BDE4fG22uYh1bGSifcj7JSx119TVYNViMhMu85usp4Fswrzh6M0DV3yld64jA98uOAa2GSQ4Bg4bZRm2d2cwSg==}
    engines: {node: '>=23.5.0 || ^22.13.0 || ^21.7.0 || ^20.12.0'}
    peerDependencies:
      '@types/node': '>=18'
    peerDependenciesMeta:
      '@types/node':
        optional: true

  '@inquirer/editor@5.1.1':
    resolution: {integrity: sha512-6y11LgmNpmn5D2aB5FgnCfBUBK8ZstwLCalyJmORcJZ/WrhOjm16mu6eSqIx8DnErxDqSLr+Jkp+GP8/Nwd5tA==}
    engines: {node: '>=23.5.0 || ^22.13.0 || ^21.7.0 || ^20.12.0'}
    peerDependencies:
      '@types/node': '>=18'
    peerDependenciesMeta:
      '@types/node':
        optional: true

  '@inquirer/expand@5.0.13':
    resolution: {integrity: sha512-dF2zvrFo9LshkcB23/O1il13kBkBltWIXzut1evfbuBLXMiGIuC45c+ZQ0uukjCDsvI8OWqun4FRYMnzFCQa3g==}
    engines: {node: '>=23.5.0 || ^22.13.0 || ^21.7.0 || ^20.12.0'}
    peerDependencies:
      '@types/node': '>=18'
    peerDependenciesMeta:
      '@types/node':
        optional: true

  '@inquirer/external-editor@3.0.0':
    resolution: {integrity: sha512-lDSwMgg+M5rq6JKBYaJwSX6T9e/HK2qqZ1oxmOwn4AQoJE5D+7TumsxLGC02PWS//rkIVqbZv3XA3ejsc9FYvg==}
    engines: {node: '>=23.5.0 || ^22.13.0 || ^21.7.0 || ^20.12.0'}
    peerDependencies:
      '@types/node': '>=18'
    peerDependenciesMeta:
      '@types/node':
        optional: true

  '@inquirer/figures@2.0.5':
    resolution: {integrity: sha512-NsSs4kzfm12lNetHwAn3GEuH317IzpwrMCbOuMIVytpjnJ90YYHNwdRgYGuKmVxwuIqSgqk3M5qqQt1cDk0tGQ==}
    engines: {node: '>=23.5.0 || ^22.13.0 || ^21.7.0 || ^20.12.0'}

  '@inquirer/input@5.0.12':
    resolution: {integrity: sha512-uiMFBl4LqFzJClh80Q3f9hbOFJ6kgkDWI4LjAeBuyO6EanVVMF69AgOvpi1qdqjDSjDN6578B6nky9ceEpI+1Q==}
    engines: {node: '>=23.5.0 || ^22.13.0 || ^21.7.0 || ^20.12.0'}
    peerDependencies:
      '@types/node': '>=18'
    peerDependenciesMeta:
      '@types/node':
        optional: true

  '@inquirer/number@4.0.12':
    resolution: {integrity: sha512-/vrwhEf7Xsuh+YlHF4IjSy3g1cyrQuPaSiHIxCEbLu8qnfvrcvJyCkoktOOF+xV9gSb77/G0n3h04RbMDW2sIg==}
    engines: {node: '>=23.5.0 || ^22.13.0 || ^21.7.0 || ^20.12.0'}
    peerDependencies:
      '@types/node': '>=18'
    peerDependenciesMeta:
      '@types/node':
        optional: true

  '@inquirer/password@5.0.12':
    resolution: {integrity: sha512-CBh7YHju623lxJRcAOo498ZUwIuMy63bqW/vVq0tQAZVv+lkWlHkP9ealYE1utWSisEShY5VMdzIXRmyEODzcQ==}
    engines: {node: '>=23.5.0 || ^22.13.0 || ^21.7.0 || ^20.12.0'}
    peerDependencies:
      '@types/node': '>=18'
    peerDependenciesMeta:
      '@types/node':
        optional: true

  '@inquirer/prompts@8.4.2':
    resolution: {integrity: sha512-XJmn/wY4AX56l1BRU+ZjDrFtg9+2uBEi4JvJQj82kwJDQKiPgSn4CEsbfGGygS4Gw6rkL4W18oATjfVfaqub2Q==}
    engines: {node: '>=23.5.0 || ^22.13.0 || ^21.7.0 || ^20.12.0'}
    peerDependencies:
      '@types/node': '>=18'
    peerDependenciesMeta:
      '@types/node':
        optional: true

  '@inquirer/rawlist@5.2.8':
    resolution: {integrity: sha512-Su7FQvp5buZmCymN3PPoYv31ZQQX4ve2j02k7piGgKAWgE+AQRB5YoYVveGXcl3TZ9ldgRMSxj56YfDFmmaqLg==}
    engines: {node: '>=23.5.0 || ^22.13.0 || ^21.7.0 || ^20.12.0'}
    peerDependencies:
      '@types/node': '>=18'
    peerDependenciesMeta:
      '@types/node':
        optional: true

  '@inquirer/search@4.1.8':
    resolution: {integrity: sha512-fGiHKGD6DyPIYUWxoXnQTeXeyYqSOUrasDMABBmMHUalH/LxkuzY0xVRtimXAt1sUeeyYkVuKQx1bebMuN11Kw==}
    engines: {node: '>=23.5.0 || ^22.13.0 || ^21.7.0 || ^20.12.0'}
    peerDependencies:
      '@types/node': '>=18'
    peerDependenciesMeta:
      '@types/node':
        optional: true

  '@inquirer/select@5.1.4':
    resolution: {integrity: sha512-2kWcGKPMLAXAWRp1AH1SLsQmX+j0QjeljyXMUji9WMZC8nRDO0b7qquIGr6143E7KMLt3VAIGNXzwa/6PXQs4Q==}
    engines: {node: '>=23.5.0 || ^22.13.0 || ^21.7.0 || ^20.12.0'}
    peerDependencies:
      '@types/node': '>=18'
    peerDependenciesMeta:
      '@types/node':
        optional: true

  '@inquirer/type@4.0.5':
    resolution: {integrity: sha512-aetVUNeKNc/VriqXlw1NRSW0zhMBB0W4bNbWRJgzRl/3d0QNDQFfk0GO5SDdtjMZVg6o8ZKEiadd7SCCzoOn5Q==}
    engines: {node: '>=23.5.0 || ^22.13.0 || ^21.7.0 || ^20.12.0'}
    peerDependencies:
      '@types/node': '>=18'
    peerDependenciesMeta:
      '@types/node':
        optional: true

  ansi-regex@5.0.1:
    resolution: {integrity: sha512-quJQXlTSUGL2LH9SUXo8VwsY4soanhgo6LNSm84E1LBcE8s3O0wpdiRzyR9z/ZZJMlMWv37qOOb9pdJlMUEKFQ==}
    engines: {node: '>=8'}

  ansi-regex@6.2.2:
    resolution: {integrity: sha512-Bq3SmSpyFHaWjPk8If9yc6svM8c56dB5BAtW4Qbw5jHTwwXXcTLoRMkpDJp6VL0XzlWaCHTXrkFURMYmD0sLqg==}
    engines: {node: '>=12'}

  ansi-styles@6.2.3:
    resolution: {integrity: sha512-4Dj6M28JB+oAH8kFkTLUo+a2jwOFkuqb3yucU0CANcRRUbxS0cP0nZYCGjcc3BNXwRIsUVmDGgzawme7zvJHvg==}
    engines: {node: '>=12'}

  chardet@2.1.1:
    resolution: {integrity: sha512-PsezH1rqdV9VvyNhxxOW32/d75r01NY7TQCmOqomRo15ZSOKbpTFVsfjghxo6JloQUCGnH4k1LGu0R4yCLlWQQ==}

  cli-progress@3.12.0:
    resolution: {integrity: sha512-tRkV3HJ1ASwm19THiiLIXLO7Im7wlTuKnvkYaTkyoAPefqjNg7W7DHKUlGRxy9vxDvbyCYQkQozvptuMkGCg8A==}
    engines: {node: '>=4'}

  cli-width@4.1.0:
    resolution: {integrity: sha512-ouuZd4/dm2Sw5Gmqy6bGyNNNe1qt9RpmxveLSO7KcgsTnU7RXfsw+/bukWGo1abgBiMAic068rclZsO4IWmmxQ==}
    engines: {node: '>= 12'}

  cliui@9.0.1:
    resolution: {integrity: sha512-k7ndgKhwoQveBL+/1tqGJYNz097I7WOvwbmmU2AR5+magtbjPWQTS1C5vzGkBC8Ym8UWRzfKUzUUqFLypY4Q+w==}
    engines: {node: '>=20'}

  crc-32@1.2.2:
    resolution: {integrity: sha512-ROmzCKrTnOwybPcJApAA6WBWij23HVfGVNKqqrZpuyZOHqK2CwHSvpGuyt/UNNvaIjEd8X5IFGp4Mh+Ie1IHJQ==}
    engines: {node: '>=0.8'}
    hasBin: true

  dateformat@5.0.3:
    resolution: {integrity: sha512-Kvr6HmPXUMerlLcLF+Pwq3K7apHpYmGDVqrxcDasBg86UcKeTSNWbEzU8bwdXnxnR44FtMhJAxI4Bov6Y/KUfA==}
    engines: {node: '>=12.20'}

  emoji-regex@10.6.0:
    resolution: {integrity: sha512-toUI84YS5YmxW219erniWD0CIVOo46xGKColeNQRgOzDorgBi1v4D71/OFzgD9GO2UGKIv1C3Sp8DAn0+j5w7A==}

  emoji-regex@8.0.0:
    resolution: {integrity: sha512-MSjYzcWNOA0ewAHpz0MxpYFvwg6yjy1NG3xteoqz644VCo/RPgnr1/GGt+ic3iJTzQ8Eu3TdM14SawnVUmGE6A==}

  escalade@3.2.0:
    resolution: {integrity: sha512-WUj2qlxaQtO4g6Pq5c29GTcWGDyd8itL8zTlipgECz3JesAiiOKotd8JU6otB3PACgG6xkJUyVhboMS+bje/jA==}
    engines: {node: '>=6'}

  fast-string-truncated-width@3.0.3:
    resolution: {integrity: sha512-0jjjIEL6+0jag3l2XWWizO64/aZVtpiGE3t0Zgqxv0DPuxiMjvB3M24fCyhZUO4KomJQPj3LTSUnDP3GpdwC0g==}

  fast-string-width@3.0.2:
    resolution: {integrity: sha512-gX8LrtNEI5hq8DVUfRQMbr5lpaS4nMIWV+7XEbXk2b8kiQIizgnlr12B4dA3ZEx3308ze0O4Q1R+cHts8kyUJg==}

  fast-wrap-ansi@0.2.0:
    resolution: {integrity: sha512-rLV8JHxTyhVmFYhBJuMujcrHqOT2cnO5Zxj37qROj23CP39GXubJRBUFF0z8KFK77Uc0SukZUf7JZhsVEQ6n8w==}

  filesize@11.0.17:
    resolution: {integrity: sha512-oHLTvMLw6imZUl1se/RBQrFlyy50nXce4sU7yGR6Qc0JgCwqnfiFsAnEwotdGmfKLD7SArGUk2/5STU0k8LOBQ==}
    engines: {node: '>= 10.8.0'}

  get-caller-file@2.0.5:
    resolution: {integrity: sha512-DyFP3BM/3YHTQOCUL/w0OZHR0lpKeGrxotcHWcqNEdnltqFwXVfhEBQ94eIo34AfQpo0rGki4cyIiftY06h2Fg==}
    engines: {node: 6.* || 8.* || >= 10.*}

  get-east-asian-width@1.5.0:
    resolution: {integrity: sha512-CQ+bEO+Tva/qlmw24dCejulK5pMzVnUOFOijVogd3KQs07HnRIgp8TGipvCCRT06xeYEbpbgwaCxglFyiuIcmA==}
    engines: {node: '>=18'}

  iconv-lite@0.7.2:
    resolution: {integrity: sha512-im9DjEDQ55s9fL4EYzOAv0yMqmMBSZp6G0VvFyTMPKWxiSBHUj9NW/qqLmXUwXrrM7AvqSlTCfvqRb0cM8yYqw==}
    engines: {node: '>=0.10.0'}

  is-fullwidth-code-point@3.0.0:
    resolution: {integrity: sha512-zymm5+u+sCsSWyD9qNaejV3DFvhCKclKdizYaJUuHA83RLjb7nSuGnddCHGv0hk+KY7BMAlsWeK4Ueg6EV6XQg==}
    engines: {node: '>=8'}

  mute-stream@3.0.0:
    resolution: {integrity: sha512-dkEJPVvun4FryqBmZ5KhDo0K9iDXAwn08tMLDinNdRBNPcYEDiWYysLcc6k3mjTMlbP9KyylvRpd4wFtwrT9rw==}
    engines: {node: ^20.17.0 || >=22.9.0}

  qrcode-terminal@0.12.0:
    resolution: {integrity: sha512-EXtzRZmC+YGmGlDFbXKxQiMZNwCLEO6BANKXG4iCtSIM0yqc/pappSx3RIKr4r0uh5JsBckOXeKrB3Iz7mdQpQ==}
    hasBin: true

  safer-buffer@2.1.2:
    resolution: {integrity: sha512-YZo3K82SD7Riyi0E1EQPojLz7kpepnSQI9IyPbHHg1XXXevb5dJI7tpyN2ADxGcQbHG7vcyRHk0cbwqcQriUtg==}

  signal-exit@4.1.0:
    resolution: {integrity: sha512-bzyZ1e88w9O1iNJbKnOlvYTrWPDl46O1bG0D3XInv+9tkPrxrN8jUUTiFlDkkmKWgn1M6CfIA13SuGqOa9Korw==}
    engines: {node: '>=14'}

  string-width@4.2.3:
    resolution: {integrity: sha512-wKyQRQpjJ0sIp62ErSZdGsjMJWsap5oRNihHhu6G7JVO/9jIB6UyevL+tXuOqrng8j/cxKTWyWUwvSTriiZz/g==}
    engines: {node: '>=8'}

  string-width@7.2.0:
    resolution: {integrity: sha512-tsaTIkKW9b4N+AEj+SVA+WhJzV7/zMhcSu78mLKWSk7cXMOSHsBKFWUs0fWwq8QyK3MgJBQRX6Gbi4kYbdvGkQ==}
    engines: {node: '>=18'}

  strip-ansi@6.0.1:
    resolution: {integrity: sha512-Y38VPSHcqkFrCpFnQ9vuSXmquuv5oXOKpGeT6aGrr3o3Gc9AlVa6JBfUSOCnbxGGZF+/0ooI7KrPuUSztUdU5A==}
    engines: {node: '>=8'}

  strip-ansi@7.2.0:
    resolution: {integrity: sha512-yDPMNjp4WyfYBkHnjIRLfca1i6KMyGCtsVgoKe/z1+6vukgaENdgGBZt+ZmKPc4gavvEZ5OgHfHdrazhgNyG7w==}
    engines: {node: '>=12'}

  terabox-api@2.9.2:
    resolution: {integrity: sha512-K5mUHbNQTAizVpmzs2rTkBs2FhGdfRf1YN3FNQHSUJo3f6YzU36zSEFKvgmjdK1sqDWe6BNvcW4RAV5Jfsp10g==}

  tldts-core@7.0.28:
    resolution: {integrity: sha512-7W5Efjhsc3chVdFhqtaU0KtK32J37Zcr9RKtID54nG+tIpcY79CQK/veYPODxtD/LJ4Lue66jvrQzIX2Z2/pUQ==}

  tldts@7.0.28:
    resolution: {integrity: sha512-+Zg3vWhRUv8B1maGSTFdev9mjoo8Etn2Ayfs4cnjlD3CsGkxXX4QyW3j2WJ0wdjYcYmy7Lx2RDsZMhgCWafKIw==}
    hasBin: true

  tough-cookie@6.0.1:
    resolution: {integrity: sha512-LktZQb3IeoUWB9lqR5EWTHgW/VTITCXg4D21M+lvybRVdylLrRMnqaIONLVb5mav8vM19m44HIcGq4qASeu2Qw==}
    engines: {node: '>=16'}

  undici@8.1.0:
    resolution: {integrity: sha512-E9MkTS4xXLnRPYqxH2e6Hr2/49e7WFDKczKcCaFH4VaZs2iNvHMqeIkyUAD9vM8kujy9TjVrRlQ5KkdEJxB2pw==}
    engines: {node: '>=22.19.0'}

  wrap-ansi@9.0.2:
    resolution: {integrity: sha512-42AtmgqjV+X1VpdOfyTGOYRi0/zsoLqtXQckTmqTeybT+BDIbM/Guxo7x3pE2vtpr1ok6xRqM9OpBe+Jyoqyww==}
    engines: {node: '>=18'}

  y18n@5.0.8:
    resolution: {integrity: sha512-0pfFzegeDWJHJIAmTLRP2DwHjdF5s7jo9tuztdQxAhINCdvS+3nGINqPd00AphqJR/0LhANUS6/+7SCb98YOfA==}
    engines: {node: '>=10'}

  yaml@2.9.0:
    resolution: {integrity: sha512-2AvhNX3mb8zd6Zy7INTtSpl1F15HW6Wnqj0srWlkKLcpYl/gMIMJiyuGq2KeI2YFxUPjdlB+3Lc10seMLtL4cA==}
    engines: {node: '>= 14.6'}
    hasBin: true

  yargs-parser@22.0.0:
    resolution: {integrity: sha512-rwu/ClNdSMpkSrUb+d6BRsSkLUq1fmfsY6TOpYzTwvwkg1/NRG85KBy3kq++A8LKQwX6lsu+aWad+2khvuXrqw==}
    engines: {node: ^20.19.0 || ^22.12.0 || >=23}

  yargs@18.0.0:
    resolution: {integrity: sha512-4UEqdc2RYGHZc7Doyqkrqiln3p9X2DZVxaGbwhn2pi7MrRagKaOcIKe8L3OxYcbhXLgLFUS3zAYuQjKBQgmuNg==}
    engines: {node: ^20.19.0 || ^22.12.0 || >=23}

snapshots:

  '@inquirer/ansi@2.0.5': {}

  '@inquirer/checkbox@5.1.4':
    dependencies:
      '@inquirer/ansi': 2.0.5
      '@inquirer/core': 11.1.9
      '@inquirer/figures': 2.0.5
      '@inquirer/type': 4.0.5

  '@inquirer/confirm@6.0.12':
    dependencies:
      '@inquirer/core': 11.1.9
      '@inquirer/type': 4.0.5

  '@inquirer/core@11.1.9':
    dependencies:
      '@inquirer/ansi': 2.0.5
      '@inquirer/figures': 2.0.5
      '@inquirer/type': 4.0.5
      cli-width: 4.1.0
      fast-wrap-ansi: 0.2.0
      mute-stream: 3.0.0
      signal-exit: 4.1.0

  '@inquirer/editor@5.1.1':
    dependencies:
      '@inquirer/core': 11.1.9
      '@inquirer/external-editor': 3.0.0
      '@inquirer/type': 4.0.5

  '@inquirer/expand@5.0.13':
    dependencies:
      '@inquirer/core': 11.1.9
      '@inquirer/type': 4.0.5

  '@inquirer/external-editor@3.0.0':
    dependencies:
      chardet: 2.1.1
      iconv-lite: 0.7.2

  '@inquirer/figures@2.0.5': {}

  '@inquirer/input@5.0.12':
    dependencies:
      '@inquirer/core': 11.1.9
      '@inquirer/type': 4.0.5

  '@inquirer/number@4.0.12':
    dependencies:
      '@inquirer/core': 11.1.9
      '@inquirer/type': 4.0.5

  '@inquirer/password@5.0.12':
    dependencies:
      '@inquirer/ansi': 2.0.5
      '@inquirer/core': 11.1.9
      '@inquirer/type': 4.0.5

  '@inquirer/prompts@8.4.2':
    dependencies:
      '@inquirer/checkbox': 5.1.4
      '@inquirer/confirm': 6.0.12
      '@inquirer/editor': 5.1.1
      '@inquirer/expand': 5.0.13
      '@inquirer/input': 5.0.12
      '@inquirer/number': 4.0.12
      '@inquirer/password': 5.0.12
      '@inquirer/rawlist': 5.2.8
      '@inquirer/search': 4.1.8
      '@inquirer/select': 5.1.4

  '@inquirer/rawlist@5.2.8':
    dependencies:
      '@inquirer/core': 11.1.9
      '@inquirer/type': 4.0.5

  '@inquirer/search@4.1.8':
    dependencies:
      '@inquirer/core': 11.1.9
      '@inquirer/figures': 2.0.5
      '@inquirer/type': 4.0.5

  '@inquirer/select@5.1.4':
    dependencies:
      '@inquirer/ansi': 2.0.5
      '@inquirer/core': 11.1.9
      '@inquirer/figures': 2.0.5
      '@inquirer/type': 4.0.5

  '@inquirer/type@4.0.5': {}

  ansi-regex@5.0.1: {}

  ansi-regex@6.2.2: {}

  ansi-styles@6.2.3: {}

  chardet@2.1.1: {}

  cli-progress@3.12.0:
    dependencies:
      string-width: 4.2.3

  cli-width@4.1.0: {}

  cliui@9.0.1:
    dependencies:
      string-width: 7.2.0
      strip-ansi: 7.2.0
      wrap-ansi: 9.0.2

  crc-32@1.2.2: {}

  dateformat@5.0.3: {}

  emoji-regex@10.6.0: {}

  emoji-regex@8.0.0: {}

  escalade@3.2.0: {}

  fast-string-truncated-width@3.0.3: {}

  fast-string-width@3.0.2:
    dependencies:
      fast-string-truncated-width: 3.0.3

  fast-wrap-ansi@0.2.0:
    dependencies:
      fast-string-width: 3.0.2

  filesize@11.0.17: {}

  get-caller-file@2.0.5: {}

  get-east-asian-width@1.5.0: {}

  iconv-lite@0.7.2:
    dependencies:
      safer-buffer: 2.1.2

  is-fullwidth-code-point@3.0.0: {}

  mute-stream@3.0.0: {}

  qrcode-terminal@0.12.0: {}

  safer-buffer@2.1.2: {}

  signal-exit@4.1.0: {}

  string-width@4.2.3:
    dependencies:
      emoji-regex: 8.0.0
      is-fullwidth-code-point: 3.0.0
      strip-ansi: 6.0.1

  string-width@7.2.0:
    dependencies:
      emoji-regex: 10.6.0
      get-east-asian-width: 1.5.0
      strip-ansi: 7.2.0

  strip-ansi@6.0.1:
    dependencies:
      ansi-regex: 5.0.1

  strip-ansi@7.2.0:
    dependencies:
      ansi-regex: 6.2.2

  terabox-api@2.9.2:
    dependencies:
      crc-32: 1.2.2
      filesize: 11.0.17
      tough-cookie: 6.0.1
      undici: 8.1.0

  tldts-core@7.0.28: {}

  tldts@7.0.28:
    dependencies:
      tldts-core: 7.0.28

  tough-cookie@6.0.1:
    dependencies:
      tldts: 7.0.28

  undici@8.1.0: {}

  wrap-ansi@9.0.2:
    dependencies:
      ansi-styles: 6.2.3
      string-width: 7.2.0
      strip-ansi: 7.2.0

  y18n@5.0.8: {}

  yaml@2.9.0: {}

  yargs-parser@22.0.0: {}

  yargs@18.0.0:
    dependencies:
      cliui: 9.0.1
      escalade: 3.2.0
      get-caller-file: 2.0.5
      string-width: 7.2.0
      y18n: 5.0.8
      yargs-parser: 22.0.0
